
Microsoft Visual Studio Solution File, Format Version 12.00
# Visual Studio Version 16
VisualStudioVersion = 16.0.30114.105
MinimumVisualStudioVersion = 10.0.40219.1
Project("{FAE04EC0-301F-11D3-BF4B-00C04F79EFBC}") = "XLMenuMod", "XLMenuMod\XLMenuMod.csproj", "{ABE4DD6D-DF2F-49C2-B8BE-D7EBFB42CBF0}"
EndProject
Project("{FAE04EC0-301F-11D3-BF4B-00C04F79EFBC}") = "XLMenuMod.Utilities", "XLMenuMod.Utilities\XLMenuMod.Utilities.csproj", "{99908601-4D46-43D1-A4FD-40D66B369722}"
EndProject
Project("{FAE04EC0-301F-11D3-BF4B-00C04F79EFBC}") = "XLMenuMod.Utilities.UnitTest", "XLMenuMod.Utilities.UnitTest\XLMenuMod.Utilities.UnitTest.csproj", "{FBA9EDB3-3371-4914-AEE7-9DAC4761C7FE}"
EndProject
Global
	GlobalSection(SolutionConfigurationPlatforms) = preSolution
		Debug|Any CPU = Debug|Any CPU
		Release|Any CPU = Release|Any CPU
	EndGlobalSection
	GlobalSection(ProjectConfigurationPlatforms) = postSolution
		{ABE4DD6D-DF2F-49C2-B8BE-D7EBFB42CBF0}.Debug|Any CPU.ActiveCfg = Debug|Any CPU
		{ABE4DD6D-DF2F-49C2-B8BE-D7EBFB42CBF0}.Debug|Any CPU.Build.0 = Debug|Any CPU
		{ABE4DD6D-DF2F-49C2-B8BE-D7EBFB42CBF0}.Release|Any CPU.ActiveCfg = Release|Any CPU
		{ABE4DD6D-DF2F-49C2-B8BE-D7EBFB42CBF0}.Release|Any CPU.Build.0 = Release|Any CPU
		{99908601-4D46-43D1-A4FD-40D66B369722}.Debug|Any CPU.ActiveCfg = Debug|Any CPU
		{99908601-4D46-43D1-A4FD-40D66B369722}.Debug|Any CPU.Build.0 = Debug|Any CPU
		{99908601-4D46-43D1-A4FD-40D66B369722}.Release|Any CPU.ActiveCfg = Release|Any CPU
		{99908601-4D46-43D1-A4FD-40D66B369722}.Release|Any CPU.Build.0 = Release|Any CPU
		{FBA9EDB3-3371-4914-AEE7-9DAC4761C7FE}.Debug|Any CPU.ActiveCfg = Debug|Any CPU
		{FBA9EDB3-3371-4914-AEE7-9DAC4761C7FE}.Debug|Any CPU.Build.0 = Debug|Any CPU
		{FBA9EDB3-3371-4914-AEE7-9DAC4761C7FE}.Release|Any CPU.ActiveCfg = Release|Any CPU
		{FBA9EDB3-3371-4914-AEE7-9DAC4761C7FE}.Release|Any CPU.Build.0 = Release|Any CPU
	EndGlobalSection
	GlobalSection(SolutionProperties) = preSolution
		HideSolutionNode = FALSE
	EndGlobalSection
	GlobalSection(ExtensibilityGlobals) = postSolution
		SolutionGuid = {F8CB1982-7D6F-4B6F-8949-AB88F1F43CF2}
	EndGlobalSection
EndGlobal
